
Microsoft Visual Studio Solution File, Format Version 12.00
# Visual Studio Version 17
VisualStudioVersion = 17.9.34622.214
MinimumVisualStudioVersion = 10.0.40219.1
Project("{FAE04EC0-301F-11D3-BF4B-00C04F79EFBC}") = "calculator", "calculator\calculator.csproj", "{D689564E-4B6C-45BD-AC16-4B9F8D5DB15B}"
EndProject
Global
	GlobalSection(SolutionConfigurationPlatforms) = preSolution
		Debug|Any CPU = Debug|Any CPU
		Release|Any CPU = Release|Any CPU
	EndGlobalSection
	GlobalSection(ProjectConfigurationPlatforms) = postSolution
		{D689564E-4B6C-45BD-AC16-4B9F8D5DB15B}.Debug|Any CPU.ActiveCfg = Debug|Any CPU
		{D689564E-4B6C-45BD-AC16-4B9F8D5DB15B}.Debug|Any CPU.Build.0 = Debug|Any CPU
		{D689564E-4B6C-45BD-AC16-4B9F8D5DB15B}.Release|Any CPU.ActiveCfg = Release|Any CPU
		{D689564E-4B6C-45BD-AC16-4B9F8D5DB15B}.Release|Any CPU.Build.0 = Release|Any CPU
	EndGlobalSection
	GlobalSection(SolutionProperties) = preSolution
		HideSolutionNode = FALSE
	EndGlobalSection
	GlobalSection(ExtensibilityGlobals) = postSolution
		SolutionGuid = {A77D60F6-AD7C-4449-9434-259AD8237E99}
	EndGlobalSection
EndGlobal
